
Microsoft Visual Studio Solution File, Format Version 12.00
# Visual Studio Version 17
VisualStudioVersion = 17.7.34031.279
MinimumVisualStudioVersion = 10.0.40219.1
Project("{8BC9CEB8-8B4A-11D0-8D11-00A0C91BC942}") = "ConsoleApplication14", "ConsoleApplication14.vcxproj", "{A50C2546-54CC-4092-AEEA-6DF5FD409275}"
EndProject
Global
	GlobalSection(SolutionConfigurationPlatforms) = preSolution
		Debug|x64 = Debug|x64
		Debug|x86 = Debug|x86
		Release|x64 = Release|x64
		Release|x86 = Release|x86
	EndGlobalSection
	GlobalSection(ProjectConfigurationPlatforms) = postSolution
		{A50C2546-54CC-4092-AEEA-6DF5FD409275}.Debug|x64.ActiveCfg = Debug|x64
		{A50C2546-54CC-4092-AEEA-6DF5FD409275}.Debug|x64.Build.0 = Debug|x64
		{A50C2546-54CC-4092-AEEA-6DF5FD409275}.Debug|x86.ActiveCfg = Debug|Win32
		{A50C2546-54CC-4092-AEEA-6DF5FD409275}.Debug|x86.Build.0 = Debug|Win32
		{A50C2546-54CC-4092-AEEA-6DF5FD409275}.Release|x64.ActiveCfg = Release|x64
		{A50C2546-54CC-4092-AEEA-6DF5FD409275}.Release|x64.Build.0 = Release|x64
		{A50C2546-54CC-4092-AEEA-6DF5FD409275}.Release|x86.ActiveCfg = Release|Win32
		{A50C2546-54CC-4092-AEEA-6DF5FD409275}.Release|x86.Build.0 = Release|Win32
	EndGlobalSection
	GlobalSection(SolutionProperties) = preSolution
		HideSolutionNode = FALSE
	EndGlobalSection
	GlobalSection(ExtensibilityGlobals) = postSolution
		SolutionGuid = {4AC46662-CE28-46FC-A16A-F4BCBF27FCB5}
	EndGlobalSection
EndGlobal
